{
  "requires": true,
  "lockfileVersion": 1,
  "dependencies": {
    "@angular/cdk": {
      "version": "9.2.4",
      "resolved": "https://registry.npmjs.org/@angular/cdk/-/cdk-9.2.4.tgz",
      "integrity": "sha512-iw2+qHMXHYVC6K/fttHeNHIieSKiTEodVutZoOEcBu9rmRTGbLB26V/CRsfIRmA1RBk+uFYWc6UQZnMC3RdnJQ==",
      "requires": {
        "parse5": "^5.0.0"
      }
    },
    "@ant-design/colors": {
      "version": "3.2.2",
      "resolved": "https://registry.npmjs.org/@ant-design/colors/-/colors-3.2.2.tgz",
      "integrity": "sha512-YKgNbG2dlzqMhA9NtI3/pbY16m3Yl/EeWBRa+lB1X1YaYxHrxNexiQYCLTWO/uDvAjLFMEDU+zR901waBtMtjQ==",
      "requires": {
        "tinycolor2": "^1.4.1"
      }
    },
    "@ant-design/icons-angular": {
      "version": "9.0.1",
      "resolved": "https://registry.npmjs.org/@ant-design/icons-angular/-/icons-angular-9.0.1.tgz",
      "integrity": "sha512-bWdHOmO4LSQ3wpmivwTI7EWiRUMGSVA+fyfiGZ9IrQqoccg9XjGcWqT/VA9A45OV0QTKweo4hp3xaTzRBKsc+g==",
      "requires": {
        "@ant-design/colors": "^3.1.0"
      }
    },
    "date-fns": {
      "version": "2.14.0",
      "resolved": "https://registry.npmjs.org/date-fns/-/date-fns-2.14.0.tgz",
      "integrity": "sha512-1zD+68jhFgDIM0rF05rcwYO8cExdNqxjq4xP1QKM60Q45mnO6zaMWB4tOzrIr4M4GSLntsKeE4c9Bdl2jhL/yw=="
    },
    "ng-zorro-antd": {
      "version": "9.3.0",
      "resolved": "https://registry.npmjs.org/ng-zorro-antd/-/ng-zorro-antd-9.3.0.tgz",
      "integrity": "sha512-O7uRCnsFTGHn/74ly8VCUoaMlED3cWLJfvbD0FLzDjBlnz77kcuM5qd+yGMT2hAYXmXYWu2ZRRJWLx5QUGLHkA==",
      "requires": {
        "@angular/cdk": "^9.0.0",
        "@ant-design/icons-angular": "^9.0.0",
        "date-fns": "^2.10.0",
        "resize-observer-polyfill": "^1.5.1",
        "tslib": "^1.10.0"
      }
    },
    "parse5": {
      "version": "5.1.1",
      "resolved": "https://registry.npmjs.org/parse5/-/parse5-5.1.1.tgz",
      "integrity": "sha512-ugq4DFI0Ptb+WWjAdOK16+u/nHfiIrcE+sh8kZMaM0WllQKLI9rOUq6c2b7cwPkXdzfQESqvoqK6ug7U/Yyzug==",
      "optional": true
    },
    "resize-observer-polyfill": {
      "version": "1.5.1",
      "resolved": "https://registry.npmjs.org/resize-observer-polyfill/-/resize-observer-polyfill-1.5.1.tgz",
      "integrity": "sha512-LwZrotdHOo12nQuZlHEmtuXdqGoOD0OhaxopaNFxWzInpEgaLWoVuAMbTzixuosCx2nEG58ngzW3vxdWoxIgdg=="
    },
    "tinycolor2": {
      "version": "1.4.1",
      "resolved": "https://registry.npmjs.org/tinycolor2/-/tinycolor2-1.4.1.tgz",
      "integrity": "sha1-9PrTM0R7wLB9TcjpIJ2POaisd+g="
    },
    "tslib": {
      "version": "1.13.0",
      "resolved": "https://registry.npmjs.org/tslib/-/tslib-1.13.0.tgz",
      "integrity": "sha512-i/6DQjL8Xf3be4K/E6Wgpekn5Qasl1usyw++dAA35Ue5orEn65VIxOA+YvNNl9HV3qv70T7CNwjODHZrLwvd1Q=="
    }
  }
}
